
Microsoft Visual Studio Solution File, Format Version 12.00
# Visual Studio Version 17
VisualStudioVersion = 17.14.36310.24 d17.14
MinimumVisualStudioVersion = 10.0.40219.1
Project("{FAE04EC0-301F-11D3-BF4B-00C04F79EFBC}") = "HomeTask20072025", "HomeTask20072025\HomeTask20072025.csproj", "{2C6B2D41-0D47-44EE-90EB-1BC70657EA29}"
EndProject
Global
	GlobalSection(SolutionConfigurationPlatforms) = preSolution
		Debug|Any CPU = Debug|Any CPU
		Release|Any CPU = Release|Any CPU
	EndGlobalSection
	GlobalSection(ProjectConfigurationPlatforms) = postSolution
		{2C6B2D41-0D47-44EE-90EB-1BC70657EA29}.Debug|Any CPU.ActiveCfg = Debug|Any CPU
		{2C6B2D41-0D47-44EE-90EB-1BC70657EA29}.Debug|Any CPU.Build.0 = Debug|Any CPU
		{2C6B2D41-0D47-44EE-90EB-1BC70657EA29}.Release|Any CPU.ActiveCfg = Release|Any CPU
		{2C6B2D41-0D47-44EE-90EB-1BC70657EA29}.Release|Any CPU.Build.0 = Release|Any CPU
	EndGlobalSection
	GlobalSection(SolutionProperties) = preSolution
		HideSolutionNode = FALSE
	EndGlobalSection
	GlobalSection(ExtensibilityGlobals) = postSolution
		SolutionGuid = {8F385A79-7860-4698-A08E-C8CA7E8B7212}
	EndGlobalSection
EndGlobal
